
Microsoft Visual Studio Solution File, Format Version 12.00
# Visual Studio 15
VisualStudioVersion = 15.0.26124.0
MinimumVisualStudioVersion = 15.0.26124.0
Project("{FAE04EC0-301F-11D3-BF4B-00C04F79EFBC}") = "Library", "Library\Library.csproj", "{B2044584-DA39-4535-AEF7-52976F7A5B05}"
EndProject
Project("{FAE04EC0-301F-11D3-BF4B-00C04F79EFBC}") = "Test", "Test\Test.csproj", "{82FA065A-6426-426C-BD7D-B2DB7A7C3088}"
EndProject
Project("{FAE04EC0-301F-11D3-BF4B-00C04F79EFBC}") = "ConsoleRunner", "ConsoleRunner\ConsoleRunner.csproj", "{3F072648-0101-4A75-A0F1-4A3737D8E209}"
EndProject
Project("{FAE04EC0-301F-11D3-BF4B-00C04F79EFBC}") = "TextUi", "TextUi\TextUi.csproj", "{90E23231-1FD7-482B-9614-9C52D79F6826}"
EndProject
Global
	GlobalSection(SolutionConfigurationPlatforms) = preSolution
		Debug|Any CPU = Debug|Any CPU
		Debug|x64 = Debug|x64
		Debug|x86 = Debug|x86
		Release|Any CPU = Release|Any CPU
		Release|x64 = Release|x64
		Release|x86 = Release|x86
	EndGlobalSection
	GlobalSection(SolutionProperties) = preSolution
		HideSolutionNode = FALSE
	EndGlobalSection
	GlobalSection(ProjectConfigurationPlatforms) = postSolution
		{B2044584-DA39-4535-AEF7-52976F7A5B05}.Debug|Any CPU.ActiveCfg = Debug|Any CPU
		{B2044584-DA39-4535-AEF7-52976F7A5B05}.Debug|Any CPU.Build.0 = Debug|Any CPU
		{B2044584-DA39-4535-AEF7-52976F7A5B05}.Debug|x64.ActiveCfg = Debug|Any CPU
		{B2044584-DA39-4535-AEF7-52976F7A5B05}.Debug|x64.Build.0 = Debug|Any CPU
		{B2044584-DA39-4535-AEF7-52976F7A5B05}.Debug|x86.ActiveCfg = Debug|Any CPU
		{B2044584-DA39-4535-AEF7-52976F7A5B05}.Debug|x86.Build.0 = Debug|Any CPU
		{B2044584-DA39-4535-AEF7-52976F7A5B05}.Release|Any CPU.ActiveCfg = Release|Any CPU
		{B2044584-DA39-4535-AEF7-52976F7A5B05}.Release|Any CPU.Build.0 = Release|Any CPU
		{B2044584-DA39-4535-AEF7-52976F7A5B05}.Release|x64.ActiveCfg = Release|Any CPU
		{B2044584-DA39-4535-AEF7-52976F7A5B05}.Release|x64.Build.0 = Release|Any CPU
		{B2044584-DA39-4535-AEF7-52976F7A5B05}.Release|x86.ActiveCfg = Release|Any CPU
		{B2044584-DA39-4535-AEF7-52976F7A5B05}.Release|x86.Build.0 = Release|Any CPU
		{82FA065A-6426-426C-BD7D-B2DB7A7C3088}.Debug|Any CPU.ActiveCfg = Debug|Any CPU
		{82FA065A-6426-426C-BD7D-B2DB7A7C3088}.Debug|Any CPU.Build.0 = Debug|Any CPU
		{82FA065A-6426-426C-BD7D-B2DB7A7C3088}.Debug|x64.ActiveCfg = Debug|Any CPU
		{82FA065A-6426-426C-BD7D-B2DB7A7C3088}.Debug|x64.Build.0 = Debug|Any CPU
		{82FA065A-6426-426C-BD7D-B2DB7A7C3088}.Debug|x86.ActiveCfg = Debug|Any CPU
		{82FA065A-6426-426C-BD7D-B2DB7A7C3088}.Debug|x86.Build.0 = Debug|Any CPU
		{82FA065A-6426-426C-BD7D-B2DB7A7C3088}.Release|Any CPU.ActiveCfg = Release|Any CPU
		{82FA065A-6426-426C-BD7D-B2DB7A7C3088}.Release|Any CPU.Build.0 = Release|Any CPU
		{82FA065A-6426-426C-BD7D-B2DB7A7C3088}.Release|x64.ActiveCfg = Release|Any CPU
		{82FA065A-6426-426C-BD7D-B2DB7A7C3088}.Release|x64.Build.0 = Release|Any CPU
		{82FA065A-6426-426C-BD7D-B2DB7A7C3088}.Release|x86.ActiveCfg = Release|Any CPU
		{82FA065A-6426-426C-BD7D-B2DB7A7C3088}.Release|x86.Build.0 = Release|Any CPU
		{3F072648-0101-4A75-A0F1-4A3737D8E209}.Debug|Any CPU.ActiveCfg = Debug|Any CPU
		{3F072648-0101-4A75-A0F1-4A3737D8E209}.Debug|Any CPU.Build.0 = Debug|Any CPU
		{3F072648-0101-4A75-A0F1-4A3737D8E209}.Debug|x64.ActiveCfg = Debug|Any CPU
		{3F072648-0101-4A75-A0F1-4A3737D8E209}.Debug|x64.Build.0 = Debug|Any CPU
		{3F072648-0101-4A75-A0F1-4A3737D8E209}.Debug|x86.ActiveCfg = Debug|Any CPU
		{3F072648-0101-4A75-A0F1-4A3737D8E209}.Debug|x86.Build.0 = Debug|Any CPU
		{3F072648-0101-4A75-A0F1-4A3737D8E209}.Release|Any CPU.ActiveCfg = Release|Any CPU
		{3F072648-0101-4A75-A0F1-4A3737D8E209}.Release|Any CPU.Build.0 = Release|Any CPU
		{3F072648-0101-4A75-A0F1-4A3737D8E209}.Release|x64.ActiveCfg = Release|Any CPU
		{3F072648-0101-4A75-A0F1-4A3737D8E209}.Release|x64.Build.0 = Release|Any CPU
		{3F072648-0101-4A75-A0F1-4A3737D8E209}.Release|x86.ActiveCfg = Release|Any CPU
		{3F072648-0101-4A75-A0F1-4A3737D8E209}.Release|x86.Build.0 = Release|Any CPU
		{90E23231-1FD7-482B-9614-9C52D79F6826}.Debug|Any CPU.ActiveCfg = Debug|Any CPU
		{90E23231-1FD7-482B-9614-9C52D79F6826}.Debug|Any CPU.Build.0 = Debug|Any CPU
		{90E23231-1FD7-482B-9614-9C52D79F6826}.Debug|x64.ActiveCfg = Debug|Any CPU
		{90E23231-1FD7-482B-9614-9C52D79F6826}.Debug|x64.Build.0 = Debug|Any CPU
		{90E23231-1FD7-482B-9614-9C52D79F6826}.Debug|x86.ActiveCfg = Debug|Any CPU
		{90E23231-1FD7-482B-9614-9C52D79F6826}.Debug|x86.Build.0 = Debug|Any CPU
		{90E23231-1FD7-482B-9614-9C52D79F6826}.Release|Any CPU.ActiveCfg = Release|Any CPU
		{90E23231-1FD7-482B-9614-9C52D79F6826}.Release|Any CPU.Build.0 = Release|Any CPU
		{90E23231-1FD7-482B-9614-9C52D79F6826}.Release|x64.ActiveCfg = Release|Any CPU
		{90E23231-1FD7-482B-9614-9C52D79F6826}.Release|x64.Build.0 = Release|Any CPU
		{90E23231-1FD7-482B-9614-9C52D79F6826}.Release|x86.ActiveCfg = Release|Any CPU
		{90E23231-1FD7-482B-9614-9C52D79F6826}.Release|x86.Build.0 = Release|Any CPU
	EndGlobalSection
EndGlobal